
Microsoft Visual Studio Solution File, Format Version 12.00
# Visual Studio Version 17
VisualStudioVersion = 17.4.33213.308
MinimumVisualStudioVersion = 10.0.40219.1
Project("{9A19103F-16F7-4668-BE54-9A1E7A4F7556}") = "TwoZeroFourEight", "TwoZeroFourEight\TwoZeroFourEight.csproj", "{2C459429-52CF-41E1-95A0-0922209F934E}"
EndProject
Project("{9A19103F-16F7-4668-BE54-9A1E7A4F7556}") = "TwoZeroFourEight.OnConfiguration", "TwoZeroFourEight.OnConfiguration\TwoZeroFourEight.OnConfiguration.csproj", "{9A0476D1-1D3B-446C-A0CD-BBA6D46C537A}"
EndProject
Project("{9A19103F-16F7-4668-BE54-9A1E7A4F7556}") = "TwoZeroFourEight.Backend", "TwoZeroFourEight.Backend\TwoZeroFourEight.Backend.csproj", "{F45C9263-B777-4096-A038-49C921243782}"
EndProject
Project("{9A19103F-16F7-4668-BE54-9A1E7A4F7556}") = "TwoZeroFourEight.Frontend", "TwoZeroFourEight.Frontend\TwoZeroFourEight.Frontend.csproj", "{44D4DE54-2861-4AB5-86F5-444366EE24FF}"
EndProject
Project("{9A19103F-16F7-4668-BE54-9A1E7A4F7556}") = "TwoZeroFourEight.UnitTests", "TwoZeroFourEight.UnitTests\TwoZeroFourEight.UnitTests.csproj", "{E1653907-2E59-4DAD-9D49-D9A431FE0B0C}"
EndProject
Global
	GlobalSection(SolutionConfigurationPlatforms) = preSolution
		Debug|Any CPU = Debug|Any CPU
		Release|Any CPU = Release|Any CPU
	EndGlobalSection
	GlobalSection(ProjectConfigurationPlatforms) = postSolution
		{2C459429-52CF-41E1-95A0-0922209F934E}.Debug|Any CPU.ActiveCfg = Debug|Any CPU
		{2C459429-52CF-41E1-95A0-0922209F934E}.Debug|Any CPU.Build.0 = Debug|Any CPU
		{2C459429-52CF-41E1-95A0-0922209F934E}.Release|Any CPU.ActiveCfg = Release|Any CPU
		{2C459429-52CF-41E1-95A0-0922209F934E}.Release|Any CPU.Build.0 = Release|Any CPU
		{9A0476D1-1D3B-446C-A0CD-BBA6D46C537A}.Debug|Any CPU.ActiveCfg = Debug|Any CPU
		{9A0476D1-1D3B-446C-A0CD-BBA6D46C537A}.Debug|Any CPU.Build.0 = Debug|Any CPU
		{9A0476D1-1D3B-446C-A0CD-BBA6D46C537A}.Release|Any CPU.ActiveCfg = Release|Any CPU
		{9A0476D1-1D3B-446C-A0CD-BBA6D46C537A}.Release|Any CPU.Build.0 = Release|Any CPU
		{F45C9263-B777-4096-A038-49C921243782}.Debug|Any CPU.ActiveCfg = Debug|Any CPU
		{F45C9263-B777-4096-A038-49C921243782}.Debug|Any CPU.Build.0 = Debug|Any CPU
		{F45C9263-B777-4096-A038-49C921243782}.Release|Any CPU.ActiveCfg = Release|Any CPU
		{F45C9263-B777-4096-A038-49C921243782}.Release|Any CPU.Build.0 = Release|Any CPU
		{44D4DE54-2861-4AB5-86F5-444366EE24FF}.Debug|Any CPU.ActiveCfg = Debug|Any CPU
		{44D4DE54-2861-4AB5-86F5-444366EE24FF}.Debug|Any CPU.Build.0 = Debug|Any CPU
		{44D4DE54-2861-4AB5-86F5-444366EE24FF}.Release|Any CPU.ActiveCfg = Release|Any CPU
		{44D4DE54-2861-4AB5-86F5-444366EE24FF}.Release|Any CPU.Build.0 = Release|Any CPU
		{E1653907-2E59-4DAD-9D49-D9A431FE0B0C}.Debug|Any CPU.ActiveCfg = Debug|Any CPU
		{E1653907-2E59-4DAD-9D49-D9A431FE0B0C}.Debug|Any CPU.Build.0 = Debug|Any CPU
		{E1653907-2E59-4DAD-9D49-D9A431FE0B0C}.Release|Any CPU.ActiveCfg = Release|Any CPU
		{E1653907-2E59-4DAD-9D49-D9A431FE0B0C}.Release|Any CPU.Build.0 = Release|Any CPU
	EndGlobalSection
	GlobalSection(SolutionProperties) = preSolution
		HideSolutionNode = FALSE
	EndGlobalSection
	GlobalSection(ExtensibilityGlobals) = postSolution
		SolutionGuid = {C2654AD2-D34B-4D84-91A1-60266AB6887E}
	EndGlobalSection
EndGlobal
